
Microsoft Visual Studio Solution File, Format Version 12.00
Project("{FAE04EC0-301F-11D3-BF4B-00C04F79EFBC}") = "CalibrationApp", "CalibrationApp.csproj", "{57539599-695C-431C-8870-8B30E33CCA02}"
EndProject
Global
	GlobalSection(SolutionConfigurationPlatforms) = preSolution
		Debug|Any CPU = Debug|Any CPU
		Release|Any CPU = Release|Any CPU
	EndGlobalSection
	GlobalSection(ProjectConfigurationPlatforms) = postSolution
		{57539599-695C-431C-8870-8B30E33CCA02}.Debug|Any CPU.ActiveCfg = Debug|Any CPU
		{57539599-695C-431C-8870-8B30E33CCA02}.Debug|Any CPU.Build.0 = Debug|Any CPU
		{57539599-695C-431C-8870-8B30E33CCA02}.Release|Any CPU.ActiveCfg = Release|Any CPU
		{57539599-695C-431C-8870-8B30E33CCA02}.Release|Any CPU.Build.0 = Release|Any CPU
	EndGlobalSection
EndGlobal
